
Microsoft Visual Studio Solution File, Format Version 12.00
# Visual Studio 2015
Project("{FAE04EC0-301F-11D3-BF4B-00C04F79EFBC}") = "Domino.CSharp", "Domino.CSharp.csproj", "{213CE34D-1596-639A-29A7-4A7ED697DBEC}"
EndProject
Global
	GlobalSection(SolutionConfigurationPlatforms) = preSolution
		Debug|Any CPU = Debug|Any CPU
		Release|Any CPU = Release|Any CPU
	EndGlobalSection
	GlobalSection(ProjectConfigurationPlatforms) = postSolution
		{213CE34D-1596-639A-29A7-4A7ED697DBEC}.Debug|Any CPU.ActiveCfg = Debug|Any CPU
		{213CE34D-1596-639A-29A7-4A7ED697DBEC}.Debug|Any CPU.Build.0 = Debug|Any CPU
		{213CE34D-1596-639A-29A7-4A7ED697DBEC}.Release|Any CPU.ActiveCfg = Release|Any CPU
		{213CE34D-1596-639A-29A7-4A7ED697DBEC}.Release|Any CPU.Build.0 = Release|Any CPU
	EndGlobalSection
	GlobalSection(SolutionProperties) = preSolution
		HideSolutionNode = FALSE
	EndGlobalSection
EndGlobal
